// !$*UTF8*$!
{
	archiveVersion = 1;
	classes = {
	};
	objectVersion = 56;
	objects = {

/* Begin PBXBuildFile section */
		C07758C32A0257E600DBE579 /* ChatGPTDesktopApp.swift in Sources */ = {isa = PBXBuildFile; fileRef = C07758C22A0257E600DBE579 /* ChatGPTDesktopApp.swift */; };
		C07758C52A0257E600DBE579 /* ContentView.swift in Sources */ = {isa = PBXBuildFile; fileRef = C07758C42A0257E600DBE579 /* ContentView.swift */; };
		C07758C72A0257E800DBE579 /* Assets.xcassets in Resources */ = {isa = PBXBuildFile; fileRef = C07758C62A0257E800DBE579 /* Assets.xcassets */; };
		C07758CA2A0257E800DBE579 /* Preview Assets.xcassets in Resources */ = {isa = PBXBuildFile; fileRef = C07758C92A0257E800DBE579 /* Preview Assets.xcassets */; };
		C07758D32A025A9A00DBE579 /* ApplicationMenu.swift in Sources */ = {isa = PBXBuildFile; fileRef = C07758D22A025A9A00DBE579 /* ApplicationMenu.swift */; };
		C07758DC2A025E1F00DBE579 /* Messages.swift in Sources */ = {isa = PBXBuildFile; fileRef = C07758DB2A025E1F00DBE579 /* Messages.swift */; };
		C07758DF2A025E9300DBE579 /* MessageField.swift in Sources */ = {isa = PBXBuildFile; fileRef = C07758DE2A025E9300DBE579 /* MessageField.swift */; };
		C07758E12A025F1100DBE579 /* CustomTextField.swift in Sources */ = {isa = PBXBuildFile; fileRef = C07758E02A025F1100DBE579 /* CustomTextField.swift */; };
		C07758E32A0261C000DBE579 /* HistoryView.swift in Sources */ = {isa = PBXBuildFile; fileRef = C07758E22A0261C000DBE579 /* HistoryView.swift */; };
		C07758E52A0261D900DBE579 /* HistoryCell.swift in Sources */ = {isa = PBXBuildFile; fileRef = C07758E42A0261D900DBE579 /* HistoryCell.swift */; };
		C07758E72A026B5000DBE579 /* MessageBubble.swift in Sources */ = {isa = PBXBuildFile; fileRef = C07758E62A026B5000DBE579 /* MessageBubble.swift */; };
		C07758E92A026B9400DBE579 /* TitleRow.swift in Sources */ = {isa = PBXBuildFile; fileRef = C07758E82A026B9400DBE579 /* TitleRow.swift */; };
		C07758EB2A026BC900DBE579 /* MessagesManager.swift in Sources */ = {isa = PBXBuildFile; fileRef = C07758EA2A026BC900DBE579 /* MessagesManager.swift */; };
		C07758EE2A026BE400DBE579 /* Kingfisher in Frameworks */ = {isa = PBXBuildFile; productRef = C07758ED2A026BE400DBE579 /* Kingfisher */; };
		C07758FC2A026C6900DBE579 /* OpenAIKit in Frameworks */ = {isa = PBXBuildFile; productRef = C07758FB2A026C6900DBE579 /* OpenAIKit */; };
		C07758FE2A026D5F00DBE579 /* GoogleService-Info.plist in Resources */ = {isa = PBXBuildFile; fileRef = C07758FD2A026D5F00DBE579 /* GoogleService-Info.plist */; };
		C07759032A0273C500DBE579 /* FirebaseDatabase in Frameworks */ = {isa = PBXBuildFile; productRef = C07759022A0273C500DBE579 /* FirebaseDatabase */; };
		C07759052A0273C500DBE579 /* FirebaseDatabaseSwift in Frameworks */ = {isa = PBXBuildFile; productRef = C07759042A0273C500DBE579 /* FirebaseDatabaseSwift */; };
		C07759072A0273C500DBE579 /* FirebaseFirestore in Frameworks */ = {isa = PBXBuildFile; productRef = C07759062A0273C500DBE579 /* FirebaseFirestore */; };
		C07759092A0273C600DBE579 /* FirebaseFirestoreSwift in Frameworks */ = {isa = PBXBuildFile; productRef = C07759082A0273C600DBE579 /* FirebaseFirestoreSwift */; };
		C077590B2A0273C600DBE579 /* FirebaseFunctions in Frameworks */ = {isa = PBXBuildFile; productRef = C077590A2A0273C600DBE579 /* FirebaseFunctions */; };
		C077590D2A0273C600DBE579 /* FirebaseStorage in Frameworks */ = {isa = PBXBuildFile; productRef = C077590C2A0273C600DBE579 /* FirebaseStorage */; };
/* End PBXBuildFile section */

/* Begin PBXFileReference section */
		C07758BF2A0257E600DBE579 /* ChatGPTDesktop.app */ = {isa = PBXFileReference; explicitFileType = wrapper.application; includeInIndex = 0; path = ChatGPTDesktop.app; sourceTree = BUILT_PRODUCTS_DIR; };
		C07758C22A0257E600DBE579 /* ChatGPTDesktopApp.swift */ = {isa = PBXFileReference; lastKnownFileType = sourcecode.swift; path = ChatGPTDesktopApp.swift; sourceTree = "<group>"; };
		C07758C42A0257E600DBE579 /* ContentView.swift */ = {isa = PBXFileReference; lastKnownFileType = sourcecode.swift; path = ContentView.swift; sourceTree = "<group>"; };
		C07758C62A0257E800DBE579 /* Assets.xcassets */ = {isa = PBXFileReference; lastKnownFileType = folder.assetcatalog; path = Assets.xcassets; sourceTree = "<group>"; };
		C07758C92A0257E800DBE579 /* Preview Assets.xcassets */ = {isa = PBXFileReference; lastKnownFileType = folder.assetcatalog; path = "Preview Assets.xcassets"; sourceTree = "<group>"; };
		C07758CB2A0257E800DBE579 /* ChatGPTDesktop.entitlements */ = {isa = PBXFileReference; lastKnownFileType = text.plist.entitlements; path = ChatGPTDesktop.entitlements; sourceTree = "<group>"; };
		C07758D22A025A9A00DBE579 /* ApplicationMenu.swift */ = {isa = PBXFileReference; lastKnownFileType = sourcecode.swift; path = ApplicationMenu.swift; sourceTree = "<group>"; };
		C07758DB2A025E1F00DBE579 /* Messages.swift */ = {isa = PBXFileReference; lastKnownFileType = sourcecode.swift; path = Messages.swift; sourceTree = "<group>"; };
		C07758DE2A025E9300DBE579 /* MessageField.swift */ = {isa = PBXFileReference; lastKnownFileType = sourcecode.swift; path = MessageField.swift; sourceTree = "<group>"; };
		C07758E02A025F1100DBE579 /* CustomTextField.swift */ = {isa = PBXFileReference; lastKnownFileType = sourcecode.swift; path = CustomTextField.swift; sourceTree = "<group>"; };
		C07758E22A0261C000DBE579 /* HistoryView.swift */ = {isa = PBXFileReference; lastKnownFileType = sourcecode.swift; path = HistoryView.swift; sourceTree = "<group>"; };
		C07758E42A0261D900DBE579 /* HistoryCell.swift */ = {isa = PBXFileReference; lastKnownFileType = sourcecode.swift; path = HistoryCell.swift; sourceTree = "<group>"; };
		C07758E62A026B5000DBE579 /* MessageBubble.swift */ = {isa = PBXFileReference; lastKnownFileType = sourcecode.swift; path = MessageBubble.swift; sourceTree = "<group>"; };
		C07758E82A026B9400DBE579 /* TitleRow.swift */ = {isa = PBXFileReference; lastKnownFileType = sourcecode.swift; path = TitleRow.swift; sourceTree = "<group>"; };
		C07758EA2A026BC900DBE579 /* MessagesManager.swift */ = {isa = PBXFileReference; lastKnownFileType = sourcecode.swift; path = MessagesManager.swift; sourceTree = "<group>"; };
		C07758FD2A026D5F00DBE579 /* GoogleService-Info.plist */ = {isa = PBXFileReference; fileEncoding = 4; lastKnownFileType = text.plist.xml; path = "GoogleService-Info.plist"; sourceTree = "<group>"; };
		C0BD05EE2A02CA21004D42C2 /* Info.plist */ = {isa = PBXFileReference; lastKnownFileType = text.plist; path = Info.plist; sourceTree = "<group>"; };
/* End PBXFileReference section */

/* Begin PBXFrameworksBuildPhase section */
		C07758BC2A0257E600DBE579 /* Frameworks */ = {
			isa = PBXFrameworksBuildPhase;
			buildActionMask = 2147483647;
			files = (
				C07759052A0273C500DBE579 /* FirebaseDatabaseSwift in Frameworks */,
				C077590B2A0273C600DBE579 /* FirebaseFunctions in Frameworks */,
				C07759032A0273C500DBE579 /* FirebaseDatabase in Frameworks */,
				C07758EE2A026BE400DBE579 /* Kingfisher in Frameworks */,
				C07759072A0273C500DBE579 /* FirebaseFirestore in Frameworks */,
				C077590D2A0273C600DBE579 /* FirebaseStorage in Frameworks */,
				C07758FC2A026C6900DBE579 /* OpenAIKit in Frameworks */,
				C07759092A0273C600DBE579 /* FirebaseFirestoreSwift in Frameworks */,
			);
			runOnlyForDeploymentPostprocessing = 0;
		};
/* End PBXFrameworksBuildPhase section */

/* Begin PBXGroup section */
		C07758B62A0257E600DBE579 = {
			isa = PBXGroup;
			children = (
				C07758FD2A026D5F00DBE579 /* GoogleService-Info.plist */,
				C07758DD2A025E7D00DBE579 /* ReuseableComponents */,
				C07758DA2A025D7D00DBE579 /* Model */,
				C07758D92A025D7300DBE579 /* View-Model */,
				C07758D82A025D6C00DBE579 /* Views */,
				C07758D12A025A8100DBE579 /* Menubar */,
				C07758C12A0257E600DBE579 /* ChatGPTDesktop */,
				C07758C02A0257E600DBE579 /* Products */,
			);
			sourceTree = "<group>";
		};
		C07758C02A0257E600DBE579 /* Products */ = {
			isa = PBXGroup;
			children = (
				C07758BF2A0257E600DBE579 /* ChatGPTDesktop.app */,
			);
			name = Products;
			sourceTree = "<group>";
		};
		C07758C12A0257E600DBE579 /* ChatGPTDesktop */ = {
			isa = PBXGroup;
			children = (
				C0BD05EE2A02CA21004D42C2 /* Info.plist */,
				C07758C22A0257E600DBE579 /* ChatGPTDesktopApp.swift */,
				C07758C42A0257E600DBE579 /* ContentView.swift */,
				C07758C62A0257E800DBE579 /* Assets.xcassets */,
				C07758CB2A0257E800DBE579 /* ChatGPTDesktop.entitlements */,
				C07758C82A0257E800DBE579 /* Preview Content */,
			);
			path = ChatGPTDesktop;
			sourceTree = "<group>";
		};
		C07758C82A0257E800DBE579 /* Preview Content */ = {
			isa = PBXGroup;
			children = (
				C07758C92A0257E800DBE579 /* Preview Assets.xcassets */,
			);
			path = "Preview Content";
			sourceTree = "<group>";
		};
		C07758D12A025A8100DBE579 /* Menubar */ = {
			isa = PBXGroup;
			children = (
				C07758D22A025A9A00DBE579 /* ApplicationMenu.swift */,
			);
			path = Menubar;
			sourceTree = "<group>";
		};
		C07758D82A025D6C00DBE579 /* Views */ = {
			isa = PBXGroup;
			children = (
				C07758DE2A025E9300DBE579 /* MessageField.swift */,
				C07758E82A026B9400DBE579 /* TitleRow.swift */,
			);
			path = Views;
			sourceTree = "<group>";
		};
		C07758D92A025D7300DBE579 /* View-Model */ = {
			isa = PBXGroup;
			children = (
				C07758EA2A026BC900DBE579 /* MessagesManager.swift */,
			);
			path = "View-Model";
			sourceTree = "<group>";
		};
		C07758DA2A025D7D00DBE579 /* Model */ = {
			isa = PBXGroup;
			children = (
				C07758DB2A025E1F00DBE579 /* Messages.swift */,
			);
			path = Model;
			sourceTree = "<group>";
		};
		C07758DD2A025E7D00DBE579 /* ReuseableComponents */ = {
			isa = PBXGroup;
			children = (
				C07758E02A025F1100DBE579 /* CustomTextField.swift */,
				C07758E22A0261C000DBE579 /* HistoryView.swift */,
				C07758E42A0261D900DBE579 /* HistoryCell.swift */,
				C07758E62A026B5000DBE579 /* MessageBubble.swift */,
			);
			path = ReuseableComponents;
			sourceTree = "<group>";
		};
/* End PBXGroup section */

/* Begin PBXNativeTarget section */
		C07758BE2A0257E600DBE579 /* ChatGPTDesktop */ = {
			isa = PBXNativeTarget;
			buildConfigurationList = C07758CE2A0257E800DBE579 /* Build configuration list for PBXNativeTarget "ChatGPTDesktop" */;
			buildPhases = (
				C07758BB2A0257E600DBE579 /* Sources */,
				C07758BC2A0257E600DBE579 /* Frameworks */,
				C07758BD2A0257E600DBE579 /* Resources */,
			);
			buildRules = (
			);
			dependencies = (
			);
			name = ChatGPTDesktop;
			packageProductDependencies = (
				C07758ED2A026BE400DBE579 /* Kingfisher */,
				C07758FB2A026C6900DBE579 /* OpenAIKit */,
				C07759022A0273C500DBE579 /* FirebaseDatabase */,
				C07759042A0273C500DBE579 /* FirebaseDatabaseSwift */,
				C07759062A0273C500DBE579 /* FirebaseFirestore */,
				C07759082A0273C600DBE579 /* FirebaseFirestoreSwift */,
				C077590A2A0273C600DBE579 /* FirebaseFunctions */,
				C077590C2A0273C600DBE579 /* FirebaseStorage */,
			);
			productName = ChatGPTDesktop;
			productReference = C07758BF2A0257E600DBE579 /* ChatGPTDesktop.app */;
			productType = "com.apple.product-type.application";
		};
/* End PBXNativeTarget section */

/* Begin PBXProject section */
		C07758B72A0257E600DBE579 /* Project object */ = {
			isa = PBXProject;
			attributes = {
				BuildIndependentTargetsInParallel = 1;
				LastSwiftUpdateCheck = 1430;
				LastUpgradeCheck = 1430;
				TargetAttributes = {
					C07758BE2A0257E600DBE579 = {
						CreatedOnToolsVersion = 14.3;
					};
				};
			};
			buildConfigurationList = C07758BA2A0257E600DBE579 /* Build configuration list for PBXProject "ChatGPTDesktop" */;
			compatibilityVersion = "Xcode 14.0";
			developmentRegion = en;
			hasScannedForEncodings = 0;
			knownRegions = (
				en,
				Base,
			);
			mainGroup = C07758B62A0257E600DBE579;
			packageReferences = (
				C07758EC2A026BE400DBE579 /* XCRemoteSwiftPackageReference "Kingfisher" */,
				C07758FA2A026C6900DBE579 /* XCRemoteSwiftPackageReference "OpenAI" */,
				C07759012A0273C500DBE579 /* XCRemoteSwiftPackageReference "firebase-ios-sdk" */,
			);
			productRefGroup = C07758C02A0257E600DBE579 /* Products */;
			projectDirPath = "";
			projectRoot = "";
			targets = (
				C07758BE2A0257E600DBE579 /* ChatGPTDesktop */,
			);
		};
/* End PBXProject section */

/* Begin PBXResourcesBuildPhase section */
		C07758BD2A0257E600DBE579 /* Resources */ = {
			isa = PBXResourcesBuildPhase;
			buildActionMask = 2147483647;
			files = (
				C07758CA2A0257E800DBE579 /* Preview Assets.xcassets in Resources */,
				C07758FE2A026D5F00DBE579 /* GoogleService-Info.plist in Resources */,
				C07758C72A0257E800DBE579 /* Assets.xcassets in Resources */,
			);
			runOnlyForDeploymentPostprocessing = 0;
		};
/* End PBXResourcesBuildPhase section */

/* Begin PBXSourcesBuildPhase section */
		C07758BB2A0257E600DBE579 /* Sources */ = {
			isa = PBXSourcesBuildPhase;
			buildActionMask = 2147483647;
			files = (
				C07758D32A025A9A00DBE579 /* ApplicationMenu.swift in Sources */,
				C07758DC2A025E1F00DBE579 /* Messages.swift in Sources */,
				C07758C52A0257E600DBE579 /* ContentView.swift in Sources */,
				C07758DF2A025E9300DBE579 /* MessageField.swift in Sources */,
				C07758E52A0261D900DBE579 /* HistoryCell.swift in Sources */,
				C07758E12A025F1100DBE579 /* CustomTextField.swift in Sources */,
				C07758EB2A026BC900DBE579 /* MessagesManager.swift in Sources */,
				C07758C32A0257E600DBE579 /* ChatGPTDesktopApp.swift in Sources */,
				C07758E32A0261C000DBE579 /* HistoryView.swift in Sources */,
				C07758E72A026B5000DBE579 /* MessageBubble.swift in Sources */,
				C07758E92A026B9400DBE579 /* TitleRow.swift in Sources */,
			);
			runOnlyForDeploymentPostprocessing = 0;
		};
/* End PBXSourcesBuildPhase section */

/* Begin XCBuildConfiguration section */
		C07758CC2A0257E800DBE579 /* Debug */ = {
			isa = XCBuildConfiguration;
			buildSettings = {
				ALWAYS_SEARCH_USER_PATHS = NO;
				CLANG_ANALYZER_NONNULL = YES;
				CLANG_ANALYZER_NUMBER_OBJECT_CONVERSION = YES_AGGRESSIVE;
				CLANG_CXX_LANGUAGE_STANDARD = "gnu++20";
				CLANG_ENABLE_MODULES = YES;
				CLANG_ENABLE_OBJC_ARC = YES;
				CLANG_ENABLE_OBJC_WEAK = YES;
				CLANG_WARN_BLOCK_CAPTURE_AUTORELEASING = YES;
				CLANG_WARN_BOOL_CONVERSION = YES;
				CLANG_WARN_COMMA = YES;
				CLANG_WARN_CONSTANT_CONVERSION = YES;
				CLANG_WARN_DEPRECATED_OBJC_IMPLEMENTATIONS = YES;
				CLANG_WARN_DIRECT_OBJC_ISA_USAGE = YES_ERROR;
				CLANG_WARN_DOCUMENTATION_COMMENTS = YES;
				CLANG_WARN_EMPTY_BODY = YES;
				CLANG_WARN_ENUM_CONVERSION = YES;
				CLANG_WARN_INFINITE_RECURSION = YES;
				CLANG_WARN_INT_CONVERSION = YES;
				CLANG_WARN_NON_LITERAL_NULL_CONVERSION = YES;
				CLANG_WARN_OBJC_IMPLICIT_RETAIN_SELF = YES;
				CLANG_WARN_OBJC_LITERAL_CONVERSION = YES;
				CLANG_WARN_OBJC_ROOT_CLASS = YES_ERROR;
				CLANG_WARN_QUOTED_INCLUDE_IN_FRAMEWORK_HEADER = YES;
				CLANG_WARN_RANGE_LOOP_ANALYSIS = YES;
				CLANG_WARN_STRICT_PROTOTYPES = YES;
				CLANG_WARN_SUSPICIOUS_MOVE = YES;
				CLANG_WARN_UNGUARDED_AVAILABILITY = YES_AGGRESSIVE;
				CLANG_WARN_UNREACHABLE_CODE = YES;
				CLANG_WARN__DUPLICATE_METHOD_MATCH = YES;
				COPY_PHASE_STRIP = NO;
				DEBUG_INFORMATION_FORMAT = dwarf;
				ENABLE_STRICT_OBJC_MSGSEND = YES;
				ENABLE_TESTABILITY = YES;
				GCC_C_LANGUAGE_STANDARD = gnu11;
				GCC_DYNAMIC_NO_PIC = NO;
				GCC_NO_COMMON_BLOCKS = YES;
				GCC_OPTIMIZATION_LEVEL = 0;
				GCC_PREPROCESSOR_DEFINITIONS = (
					"DEBUG=1",
					"$(inherited)",
				);
				GCC_WARN_64_TO_32_BIT_CONVERSION = YES;
				GCC_WARN_ABOUT_RETURN_TYPE = YES_ERROR;
				GCC_WARN_UNDECLARED_SELECTOR = YES;
				GCC_WARN_UNINITIALIZED_AUTOS = YES_AGGRESSIVE;
				GCC_WARN_UNUSED_FUNCTION = YES;
				GCC_WARN_UNUSED_VARIABLE = YES;
				MACOSX_DEPLOYMENT_TARGET = 13.3;
				MTL_ENABLE_DEBUG_INFO = INCLUDE_SOURCE;
				MTL_FAST_MATH = YES;
				ONLY_ACTIVE_ARCH = YES;
				SDKROOT = macosx;
				SWIFT_ACTIVE_COMPILATION_CONDITIONS = DEBUG;
				SWIFT_OPTIMIZATION_LEVEL = "-Onone";
			};
			name = Debug;
		};
		C07758CD2A0257E800DBE579 /* Release */ = {
			isa = XCBuildConfiguration;
			buildSettings = {
				ALWAYS_SEARCH_USER_PATHS = NO;
				CLANG_ANALYZER_NONNULL = YES;
				CLANG_ANALYZER_NUMBER_OBJECT_CONVERSION = YES_AGGRESSIVE;
				CLANG_CXX_LANGUAGE_STANDARD = "gnu++20";
				CLANG_ENABLE_MODULES = YES;
				CLANG_ENABLE_OBJC_ARC = YES;
				CLANG_ENABLE_OBJC_WEAK = YES;
				CLANG_WARN_BLOCK_CAPTURE_AUTORELEASING = YES;
				CLANG_WARN_BOOL_CONVERSION = YES;
				CLANG_WARN_COMMA = YES;
				CLANG_WARN_CONSTANT_CONVERSION = YES;
				CLANG_WARN_DEPRECATED_OBJC_IMPLEMENTATIONS = YES;
				CLANG_WARN_DIRECT_OBJC_ISA_USAGE = YES_ERROR;
				CLANG_WARN_DOCUMENTATION_COMMENTS = YES;
				CLANG_WARN_EMPTY_BODY = YES;
				CLANG_WARN_ENUM_CONVERSION = YES;
				CLANG_WARN_INFINITE_RECURSION = YES;
				CLANG_WARN_INT_CONVERSION = YES;
				CLANG_WARN_NON_LITERAL_NULL_CONVERSION = YES;
				CLANG_WARN_OBJC_IMPLICIT_RETAIN_SELF = YES;
				CLANG_WARN_OBJC_LITERAL_CONVERSION = YES;
				CLANG_WARN_OBJC_ROOT_CLASS = YES_ERROR;
				CLANG_WARN_QUOTED_INCLUDE_IN_FRAMEWORK_HEADER = YES;
				CLANG_WARN_RANGE_LOOP_ANALYSIS = YES;
				CLANG_WARN_STRICT_PROTOTYPES = YES;
				CLANG_WARN_SUSPICIOUS_MOVE = YES;
				CLANG_WARN_UNGUARDED_AVAILABILITY = YES_AGGRESSIVE;
				CLANG_WARN_UNREACHABLE_CODE = YES;
				CLANG_WARN__DUPLICATE_METHOD_MATCH = YES;
				COPY_PHASE_STRIP = NO;
				DEBUG_INFORMATION_FORMAT = "dwarf-with-dsym";
				ENABLE_NS_ASSERTIONS = NO;
				ENABLE_STRICT_OBJC_MSGSEND = YES;
				GCC_C_LANGUAGE_STANDARD = gnu11;
				GCC_NO_COMMON_BLOCKS = YES;
				GCC_WARN_64_TO_32_BIT_CONVERSION = YES;
				GCC_WARN_ABOUT_RETURN_TYPE = YES_ERROR;
				GCC_WARN_UNDECLARED_SELECTOR = YES;
				GCC_WARN_UNINITIALIZED_AUTOS = YES_AGGRESSIVE;
				GCC_WARN_UNUSED_FUNCTION = YES;
				GCC_WARN_UNUSED_VARIABLE = YES;
				MACOSX_DEPLOYMENT_TARGET = 13.3;
				MTL_ENABLE_DEBUG_INFO = NO;
				MTL_FAST_MATH = YES;
				SDKROOT = macosx;
				SWIFT_COMPILATION_MODE = wholemodule;
				SWIFT_OPTIMIZATION_LEVEL = "-O";
			};
			name = Release;
		};
		C07758CF2A0257E800DBE579 /* Debug */ = {
			isa = XCBuildConfiguration;
			buildSettings = {
				ASSETCATALOG_COMPILER_APPICON_NAME = AppIcon;
				ASSETCATALOG_COMPILER_GLOBAL_ACCENT_COLOR_NAME = AccentColor;
				CODE_SIGN_ENTITLEMENTS = ChatGPTDesktop/ChatGPTDesktop.entitlements;
				CODE_SIGN_STYLE = Automatic;
				COMBINE_HIDPI_IMAGES = YES;
				CURRENT_PROJECT_VERSION = 1;
				DEVELOPMENT_ASSET_PATHS = "\"ChatGPTDesktop/Preview Content\"";
				DEVELOPMENT_TEAM = KB835FKYB4;
				ENABLE_HARDENED_RUNTIME = YES;
				ENABLE_PREVIEWS = YES;
				GENERATE_INFOPLIST_FILE = YES;
				INFOPLIST_FILE = ChatGPTDesktop/Info.plist;
				INFOPLIST_KEY_LSUIElement = NO;
				INFOPLIST_KEY_NSHumanReadableCopyright = "";
				LD_RUNPATH_SEARCH_PATHS = (
					"$(inherited)",
					"@executable_path/../Frameworks",
				);
				MARKETING_VERSION = 1.0;
				PRODUCT_BUNDLE_IDENTIFIER = com.csabaturdesan.ChatGPTDesktop;
				PRODUCT_NAME = "$(TARGET_NAME)";
				SWIFT_EMIT_LOC_STRINGS = YES;
				SWIFT_VERSION = 5.0;
			};
			name = Debug;
		};
		C07758D02A0257E800DBE579 /* Release */ = {
			isa = XCBuildConfiguration;
			buildSettings = {
				ASSETCATALOG_COMPILER_APPICON_NAME = AppIcon;
				ASSETCATALOG_COMPILER_GLOBAL_ACCENT_COLOR_NAME = AccentColor;
				CODE_SIGN_ENTITLEMENTS = ChatGPTDesktop/ChatGPTDesktop.entitlements;
				CODE_SIGN_STYLE = Automatic;
				COMBINE_HIDPI_IMAGES = YES;
				CURRENT_PROJECT_VERSION = 1;
				DEVELOPMENT_ASSET_PATHS = "\"ChatGPTDesktop/Preview Content\"";
				DEVELOPMENT_TEAM = KB835FKYB4;
				ENABLE_HARDENED_RUNTIME = YES;
				ENABLE_PREVIEWS = YES;
				GENERATE_INFOPLIST_FILE = YES;
				INFOPLIST_FILE = ChatGPTDesktop/Info.plist;
				INFOPLIST_KEY_LSUIElement = NO;
				INFOPLIST_KEY_NSHumanReadableCopyright = "";
				LD_RUNPATH_SEARCH_PATHS = (
					"$(inherited)",
					"@executable_path/../Frameworks",
				);
				MARKETING_VERSION = 1.0;
				PRODUCT_BUNDLE_IDENTIFIER = com.csabaturdesan.ChatGPTDesktop;
				PRODUCT_NAME = "$(TARGET_NAME)";
				SWIFT_EMIT_LOC_STRINGS = YES;
				SWIFT_VERSION = 5.0;
			};
			name = Release;
		};
/* End XCBuildConfiguration section */

/* Begin XCConfigurationList section */
		C07758BA2A0257E600DBE579 /* Build configuration list for PBXProject "ChatGPTDesktop" */ = {
			isa = XCConfigurationList;
			buildConfigurations = (
				C07758CC2A0257E800DBE579 /* Debug */,
				C07758CD2A0257E800DBE579 /* Release */,
			);
			defaultConfigurationIsVisible = 0;
			defaultConfigurationName = Release;
		};
		C07758CE2A0257E800DBE579 /* Build configuration list for PBXNativeTarget "ChatGPTDesktop" */ = {
			isa = XCConfigurationList;
			buildConfigurations = (
				C07758CF2A0257E800DBE579 /* Debug */,
				C07758D02A0257E800DBE579 /* Release */,
			);
			defaultConfigurationIsVisible = 0;
			defaultConfigurationName = Release;
		};
/* End XCConfigurationList section */

/* Begin XCRemoteSwiftPackageReference section */
		C07758EC2A026BE400DBE579 /* XCRemoteSwiftPackageReference "Kingfisher" */ = {
			isa = XCRemoteSwiftPackageReference;
			repositoryURL = "https://github.com/onevcat/Kingfisher";
			requirement = {
				kind = upToNextMajorVersion;
				minimumVersion = 7.0.0;
			};
		};
		C07758FA2A026C6900DBE579 /* XCRemoteSwiftPackageReference "OpenAI" */ = {
			isa = XCRemoteSwiftPackageReference;
			repositoryURL = "https://github.com/FuturraGroup/OpenAI";
			requirement = {
				kind = upToNextMajorVersion;
				minimumVersion = 1.0.0;
			};
		};
		C07759012A0273C500DBE579 /* XCRemoteSwiftPackageReference "firebase-ios-sdk" */ = {
			isa = XCRemoteSwiftPackageReference;
			repositoryURL = "https://github.com/firebase/firebase-ios-sdk";
			requirement = {
				kind = upToNextMajorVersion;
				minimumVersion = 10.0.0;
			};
		};
/* End XCRemoteSwiftPackageReference section */

/* Begin XCSwiftPackageProductDependency section */
		C07758ED2A026BE400DBE579 /* Kingfisher */ = {
			isa = XCSwiftPackageProductDependency;
			package = C07758EC2A026BE400DBE579 /* XCRemoteSwiftPackageReference "Kingfisher" */;
			productName = Kingfisher;
		};
		C07758FB2A026C6900DBE579 /* OpenAIKit */ = {
			isa = XCSwiftPackageProductDependency;
			package = C07758FA2A026C6900DBE579 /* XCRemoteSwiftPackageReference "OpenAI" */;
			productName = OpenAIKit;
		};
		C07759022A0273C500DBE579 /* FirebaseDatabase */ = {
			isa = XCSwiftPackageProductDependency;
			package = C07759012A0273C500DBE579 /* XCRemoteSwiftPackageReference "firebase-ios-sdk" */;
			productName = FirebaseDatabase;
		};
		C07759042A0273C500DBE579 /* FirebaseDatabaseSwift */ = {
			isa = XCSwiftPackageProductDependency;
			package = C07759012A0273C500DBE579 /* XCRemoteSwiftPackageReference "firebase-ios-sdk" */;
			productName = FirebaseDatabaseSwift;
		};
		C07759062A0273C500DBE579 /* FirebaseFirestore */ = {
			isa = XCSwiftPackageProductDependency;
			package = C07759012A0273C500DBE579 /* XCRemoteSwiftPackageReference "firebase-ios-sdk" */;
			productName = FirebaseFirestore;
		};
		C07759082A0273C600DBE579 /* FirebaseFirestoreSwift */ = {
			isa = XCSwiftPackageProductDependency;
			package = C07759012A0273C500DBE579 /* XCRemoteSwiftPackageReference "firebase-ios-sdk" */;
			productName = FirebaseFirestoreSwift;
		};
		C077590A2A0273C600DBE579 /* FirebaseFunctions */ = {
			isa = XCSwiftPackageProductDependency;
			package = C07759012A0273C500DBE579 /* XCRemoteSwiftPackageReference "firebase-ios-sdk" */;
			productName = FirebaseFunctions;
		};
		C077590C2A0273C600DBE579 /* FirebaseStorage */ = {
			isa = XCSwiftPackageProductDependency;
			package = C07759012A0273C500DBE579 /* XCRemoteSwiftPackageReference "firebase-ios-sdk" */;
			productName = FirebaseStorage;
		};
/* End XCSwiftPackageProductDependency section */
	};
	rootObject = C07758B72A0257E600DBE579 /* Project object */;
}
